// !$*UTF8*$!
{
	archiveVersion = 1;
	classes = {
	};
	objectVersion = 50;
	objects = {

/* Begin PBXBuildFile section */
		4C6DACFE21A9165C00215D5B /* AppDelegate.swift in Sources */ = {isa = PBXBuildFile; fileRef = 4C6DACFD21A9165C00215D5B /* AppDelegate.swift */; };
		4C6DAD0021A9165C00215D5B /* ViewController.swift in Sources */ = {isa = PBXBuildFile; fileRef = 4C6DACFF21A9165C00215D5B /* ViewController.swift */; };
		4C6DAD0321A9165C00215D5B /* Main.storyboard in Resources */ = {isa = PBXBuildFile; fileRef = 4C6DAD0121A9165C00215D5B /* Main.storyboard */; };
		4C6DAD0521A9165E00215D5B /* Assets.xcassets in Resources */ = {isa = PBXBuildFile; fileRef = 4C6DAD0421A9165E00215D5B /* Assets.xcassets */; };
		4C6DAD0821A9165E00215D5B /* LaunchScreen.storyboard in Resources */ = {isa = PBXBuildFile; fileRef = 4C6DAD0621A9165E00215D5B /* LaunchScreen.storyboard */; };
		4C6DAD1021A9209100215D5B /* Itunes.swift in Sources */ = {isa = PBXBuildFile; fileRef = 4C6DAD0F21A9209100215D5B /* Itunes.swift */; };
		4C6DAD1221A92DE400215D5B /* TableViewCell.swift in Sources */ = {isa = PBXBuildFile; fileRef = 4C6DAD1121A92DE400215D5B /* TableViewCell.swift */; };
		BAA85413FFF2B5E8C0FF498C /* Pods_ObjectMapping.framework in Frameworks */ = {isa = PBXBuildFile; fileRef = 211DDEE1AAC88956070ECAD1 /* Pods_ObjectMapping.framework */; };
/* End PBXBuildFile section */

/* Begin PBXFileReference section */
		10755CA8ED1CAFCB63C6ECA8 /* Pods-ObjectMapping.debug.xcconfig */ = {isa = PBXFileReference; includeInIndex = 1; lastKnownFileType = text.xcconfig; name = "Pods-ObjectMapping.debug.xcconfig"; path = "Pods/Target Support Files/Pods-ObjectMapping/Pods-ObjectMapping.debug.xcconfig"; sourceTree = "<group>"; };
		211DDEE1AAC88956070ECAD1 /* Pods_ObjectMapping.framework */ = {isa = PBXFileReference; explicitFileType = wrapper.framework; includeInIndex = 0; path = Pods_ObjectMapping.framework; sourceTree = BUILT_PRODUCTS_DIR; };
		4C6DACFA21A9165C00215D5B /* ObjectMapping.app */ = {isa = PBXFileReference; explicitFileType = wrapper.application; includeInIndex = 0; path = ObjectMapping.app; sourceTree = BUILT_PRODUCTS_DIR; };
		4C6DACFD21A9165C00215D5B /* AppDelegate.swift */ = {isa = PBXFileReference; lastKnownFileType = sourcecode.swift; path = AppDelegate.swift; sourceTree = "<group>"; };
		4C6DACFF21A9165C00215D5B /* ViewController.swift */ = {isa = PBXFileReference; lastKnownFileType = sourcecode.swift; path = ViewController.swift; sourceTree = "<group>"; };
		4C6DAD0221A9165C00215D5B /* Base */ = {isa = PBXFileReference; lastKnownFileType = file.storyboard; name = Base; path = Base.lproj/Main.storyboard; sourceTree = "<group>"; };
		4C6DAD0421A9165E00215D5B /* Assets.xcassets */ = {isa = PBXFileReference; lastKnownFileType = folder.assetcatalog; path = Assets.xcassets; sourceTree = "<group>"; };
		4C6DAD0721A9165E00215D5B /* Base */ = {isa = PBXFileReference; lastKnownFileType = file.storyboard; name = Base; path = Base.lproj/LaunchScreen.storyboard; sourceTree = "<group>"; };
		4C6DAD0921A9165E00215D5B /* Info.plist */ = {isa = PBXFileReference; lastKnownFileType = text.plist.xml; path = Info.plist; sourceTree = "<group>"; };
		4C6DAD0F21A9209100215D5B /* Itunes.swift */ = {isa = PBXFileReference; lastKnownFileType = sourcecode.swift; path = Itunes.swift; sourceTree = "<group>"; };
		4C6DAD1121A92DE400215D5B /* TableViewCell.swift */ = {isa = PBXFileReference; lastKnownFileType = sourcecode.swift; path = TableViewCell.swift; sourceTree = "<group>"; };
		A0A840E6AF890D41231E6A7E /* Pods-ObjectMapping.release.xcconfig */ = {isa = PBXFileReference; includeInIndex = 1; lastKnownFileType = text.xcconfig; name = "Pods-ObjectMapping.release.xcconfig"; path = "Pods/Target Support Files/Pods-ObjectMapping/Pods-ObjectMapping.release.xcconfig"; sourceTree = "<group>"; };
/* End PBXFileReference section */

/* Begin PBXFrameworksBuildPhase section */
		4C6DACF721A9165C00215D5B /* Frameworks */ = {
			isa = PBXFrameworksBuildPhase;
			buildActionMask = 2147483647;
			files = (
				BAA85413FFF2B5E8C0FF498C /* Pods_ObjectMapping.framework in Frameworks */,
			);
			runOnlyForDeploymentPostprocessing = 0;
		};
/* End PBXFrameworksBuildPhase section */

/* Begin PBXGroup section */
		4C6DACF121A9165C00215D5B = {
			isa = PBXGroup;
			children = (
				4C6DACFC21A9165C00215D5B /* ObjectMapping */,
				4C6DACFB21A9165C00215D5B /* Products */,
				9A2839F9AED65EBBAADA8B77 /* Pods */,
				7C4EFFEFF7BEDE4013FBE631 /* Frameworks */,
			);
			sourceTree = "<group>";
		};
		4C6DACFB21A9165C00215D5B /* Products */ = {
			isa = PBXGroup;
			children = (
				4C6DACFA21A9165C00215D5B /* ObjectMapping.app */,
			);
			name = Products;
			sourceTree = "<group>";
		};
		4C6DACFC21A9165C00215D5B /* ObjectMapping */ = {
			isa = PBXGroup;
			children = (
				4C6DAD1421A9344E00215D5B /* Model */,
				4C6DAD1521A9345500215D5B /* View */,
				4C6DAD1621A9346900215D5B /* Controller */,
				4C6DAD1721A9347D00215D5B /* StoryBoards */,
				4C6DAD1321A9340500215D5B /* SupportingFiles */,
			);
			path = ObjectMapping;
			sourceTree = "<group>";
		};
		4C6DAD1321A9340500215D5B /* SupportingFiles */ = {
			isa = PBXGroup;
			children = (
				4C6DAD0421A9165E00215D5B /* Assets.xcassets */,
				4C6DAD0621A9165E00215D5B /* LaunchScreen.storyboard */,
				4C6DACFD21A9165C00215D5B /* AppDelegate.swift */,
				4C6DAD0921A9165E00215D5B /* Info.plist */,
			);
			path = SupportingFiles;
			sourceTree = "<group>";
		};
		4C6DAD1421A9344E00215D5B /* Model */ = {
			isa = PBXGroup;
			children = (
				4C6DAD0F21A9209100215D5B /* Itunes.swift */,
			);
			path = Model;
			sourceTree = "<group>";
		};
		4C6DAD1521A9345500215D5B /* View */ = {
			isa = PBXGroup;
			children = (
				4C6DAD1121A92DE400215D5B /* TableViewCell.swift */,
			);
			path = View;
			sourceTree = "<group>";
		};
		4C6DAD1621A9346900215D5B /* Controller */ = {
			isa = PBXGroup;
			children = (
				4C6DACFF21A9165C00215D5B /* ViewController.swift */,
			);
			path = Controller;
			sourceTree = "<group>";
		};
		4C6DAD1721A9347D00215D5B /* StoryBoards */ = {
			isa = PBXGroup;
			children = (
				4C6DAD0121A9165C00215D5B /* Main.storyboard */,
			);
			path = StoryBoards;
			sourceTree = "<group>";
		};
		7C4EFFEFF7BEDE4013FBE631 /* Frameworks */ = {
			isa = PBXGroup;
			children = (
				211DDEE1AAC88956070ECAD1 /* Pods_ObjectMapping.framework */,
			);
			name = Frameworks;
			sourceTree = "<group>";
		};
		9A2839F9AED65EBBAADA8B77 /* Pods */ = {
			isa = PBXGroup;
			children = (
				10755CA8ED1CAFCB63C6ECA8 /* Pods-ObjectMapping.debug.xcconfig */,
				A0A840E6AF890D41231E6A7E /* Pods-ObjectMapping.release.xcconfig */,
			);
			name = Pods;
			sourceTree = "<group>";
		};
/* End PBXGroup section */

/* Begin PBXNativeTarget section */
		4C6DACF921A9165C00215D5B /* ObjectMapping */ = {
			isa = PBXNativeTarget;
			buildConfigurationList = 4C6DAD0C21A9165E00215D5B /* Build configuration list for PBXNativeTarget "ObjectMapping" */;
			buildPhases = (
				1E64796D4468CEF091223EF6 /* [CP] Check Pods Manifest.lock */,
				4C6DACF621A9165C00215D5B /* Sources */,
				4C6DACF721A9165C00215D5B /* Frameworks */,
				4C6DACF821A9165C00215D5B /* Resources */,
				0F342093E9CE9004ACB09E83 /* [CP] Embed Pods Frameworks */,
			);
			buildRules = (
			);
			dependencies = (
			);
			name = ObjectMapping;
			productName = ObjectMapping;
			productReference = 4C6DACFA21A9165C00215D5B /* ObjectMapping.app */;
			productType = "com.apple.product-type.application";
		};
/* End PBXNativeTarget section */

/* Begin PBXProject section */
		4C6DACF221A9165C00215D5B /* Project object */ = {
			isa = PBXProject;
			attributes = {
				LastSwiftUpdateCheck = 0940;
				LastUpgradeCheck = 0940;
				ORGANIZATIONNAME = vamshi;
				TargetAttributes = {
					4C6DACF921A9165C00215D5B = {
						CreatedOnToolsVersion = 9.4.1;
					};
				};
			};
			buildConfigurationList = 4C6DACF521A9165C00215D5B /* Build configuration list for PBXProject "ObjectMapping" */;
			compatibilityVersion = "Xcode 9.3";
			developmentRegion = en;
			hasScannedForEncodings = 0;
			knownRegions = (
				en,
				Base,
			);
			mainGroup = 4C6DACF121A9165C00215D5B;
			productRefGroup = 4C6DACFB21A9165C00215D5B /* Products */;
			projectDirPath = "";
			projectRoot = "";
			targets = (
				4C6DACF921A9165C00215D5B /* ObjectMapping */,
			);
		};
/* End PBXProject section */

/* Begin PBXResourcesBuildPhase section */
		4C6DACF821A9165C00215D5B /* Resources */ = {
			isa = PBXResourcesBuildPhase;
			buildActionMask = 2147483647;
			files = (
				4C6DAD0821A9165E00215D5B /* LaunchScreen.storyboard in Resources */,
				4C6DAD0521A9165E00215D5B /* Assets.xcassets in Resources */,
				4C6DAD0321A9165C00215D5B /* Main.storyboard in Resources */,
			);
			runOnlyForDeploymentPostprocessing = 0;
		};
/* End PBXResourcesBuildPhase section */

/* Begin PBXShellScriptBuildPhase section */
		0F342093E9CE9004ACB09E83 /* [CP] Embed Pods Frameworks */ = {
			isa = PBXShellScriptBuildPhase;
			buildActionMask = 2147483647;
			files = (
			);
			inputPaths = (
				"${SRCROOT}/Pods/Target Support Files/Pods-ObjectMapping/Pods-ObjectMapping-frameworks.sh",
				"${BUILT_PRODUCTS_DIR}/Alamofire/Alamofire.framework",
				"${BUILT_PRODUCTS_DIR}/ObjectMapper/ObjectMapper.framework",
				"${BUILT_PRODUCTS_DIR}/SDWebImage/SDWebImage.framework",
			);
			name = "[CP] Embed Pods Frameworks";
			outputPaths = (
				"${TARGET_BUILD_DIR}/${FRAMEWORKS_FOLDER_PATH}/Alamofire.framework",
				"${TARGET_BUILD_DIR}/${FRAMEWORKS_FOLDER_PATH}/ObjectMapper.framework",
				"${TARGET_BUILD_DIR}/${FRAMEWORKS_FOLDER_PATH}/SDWebImage.framework",
			);
			runOnlyForDeploymentPostprocessing = 0;
			shellPath = /bin/sh;
			shellScript = "\"${SRCROOT}/Pods/Target Support Files/Pods-ObjectMapping/Pods-ObjectMapping-frameworks.sh\"\n";
			showEnvVarsInLog = 0;
		};
		1E64796D4468CEF091223EF6 /* [CP] Check Pods Manifest.lock */ = {
			isa = PBXShellScriptBuildPhase;
			buildActionMask = 2147483647;
			files = (
			);
			inputPaths = (
				"${PODS_PODFILE_DIR_PATH}/Podfile.lock",
				"${PODS_ROOT}/Manifest.lock",
			);
			name = "[CP] Check Pods Manifest.lock";
			outputPaths = (
				"$(DERIVED_FILE_DIR)/Pods-ObjectMapping-checkManifestLockResult.txt",
			);
			runOnlyForDeploymentPostprocessing = 0;
			shellPath = /bin/sh;
			shellScript = "diff \"${PODS_PODFILE_DIR_PATH}/Podfile.lock\" \"${PODS_ROOT}/Manifest.lock\" > /dev/null\nif [ $? != 0 ] ; then\n    # print error to STDERR\n    echo \"error: The sandbox is not in sync with the Podfile.lock. Run 'pod install' or update your CocoaPods installation.\" >&2\n    exit 1\nfi\n# This output is used by Xcode 'outputs' to avoid re-running this script phase.\necho \"SUCCESS\" > \"${SCRIPT_OUTPUT_FILE_0}\"\n";
			showEnvVarsInLog = 0;
		};
/* End PBXShellScriptBuildPhase section */

/* Begin PBXSourcesBuildPhase section */
		4C6DACF621A9165C00215D5B /* Sources */ = {
			isa = PBXSourcesBuildPhase;
			buildActionMask = 2147483647;
			files = (
				4C6DAD0021A9165C00215D5B /* ViewController.swift in Sources */,
				4C6DAD1221A92DE400215D5B /* TableViewCell.swift in Sources */,
				4C6DACFE21A9165C00215D5B /* AppDelegate.swift in Sources */,
				4C6DAD1021A9209100215D5B /* Itunes.swift in Sources */,
			);
			runOnlyForDeploymentPostprocessing = 0;
		};
/* End PBXSourcesBuildPhase section */

/* Begin PBXVariantGroup section */
		4C6DAD0121A9165C00215D5B /* Main.storyboard */ = {
			isa = PBXVariantGroup;
			children = (
				4C6DAD0221A9165C00215D5B /* Base */,
			);
			name = Main.storyboard;
			sourceTree = "<group>";
		};
		4C6DAD0621A9165E00215D5B /* LaunchScreen.storyboard */ = {
			isa = PBXVariantGroup;
			children = (
				4C6DAD0721A9165E00215D5B /* Base */,
			);
			name = LaunchScreen.storyboard;
			sourceTree = "<group>";
		};
/* End PBXVariantGroup section */

/* Begin XCBuildConfiguration section */
		4C6DAD0A21A9165E00215D5B /* Debug */ = {
			isa = XCBuildConfiguration;
			buildSettings = {
				ALWAYS_SEARCH_USER_PATHS = NO;
				CLANG_ANALYZER_NONNULL = YES;
				CLANG_ANALYZER_NUMBER_OBJECT_CONVERSION = YES_AGGRESSIVE;
				CLANG_CXX_LANGUAGE_STANDARD = "gnu++14";
				CLANG_CXX_LIBRARY = "libc++";
				CLANG_ENABLE_MODULES = YES;
				CLANG_ENABLE_OBJC_ARC = YES;
				CLANG_ENABLE_OBJC_WEAK = YES;
				CLANG_WARN_BLOCK_CAPTURE_AUTORELEASING = YES;
				CLANG_WARN_BOOL_CONVERSION = YES;
				CLANG_WARN_COMMA = YES;
				CLANG_WARN_CONSTANT_CONVERSION = YES;
				CLANG_WARN_DEPRECATED_OBJC_IMPLEMENTATIONS = YES;
				CLANG_WARN_DIRECT_OBJC_ISA_USAGE = YES_ERROR;
				CLANG_WARN_DOCUMENTATION_COMMENTS = YES;
				CLANG_WARN_EMPTY_BODY = YES;
				CLANG_WARN_ENUM_CONVERSION = YES;
				CLANG_WARN_INFINITE_RECURSION = YES;
				CLANG_WARN_INT_CONVERSION = YES;
				CLANG_WARN_NON_LITERAL_NULL_CONVERSION = YES;
				CLANG_WARN_OBJC_IMPLICIT_RETAIN_SELF = YES;
				CLANG_WARN_OBJC_LITERAL_CONVERSION = YES;
				CLANG_WARN_OBJC_ROOT_CLASS = YES_ERROR;
				CLANG_WARN_RANGE_LOOP_ANALYSIS = YES;
				CLANG_WARN_STRICT_PROTOTYPES = YES;
				CLANG_WARN_SUSPICIOUS_MOVE = YES;
				CLANG_WARN_UNGUARDED_AVAILABILITY = YES_AGGRESSIVE;
				CLANG_WARN_UNREACHABLE_CODE = YES;
				CLANG_WARN__DUPLICATE_METHOD_MATCH = YES;
				CODE_SIGN_IDENTITY = "iPhone Developer";
				COPY_PHASE_STRIP = NO;
				DEBUG_INFORMATION_FORMAT = dwarf;
				ENABLE_STRICT_OBJC_MSGSEND = YES;
				ENABLE_TESTABILITY = YES;
				GCC_C_LANGUAGE_STANDARD = gnu11;
				GCC_DYNAMIC_NO_PIC = NO;
				GCC_NO_COMMON_BLOCKS = YES;
				GCC_OPTIMIZATION_LEVEL = 0;
				GCC_PREPROCESSOR_DEFINITIONS = (
					"DEBUG=1",
					"$(inherited)",
				);
				GCC_WARN_64_TO_32_BIT_CONVERSION = YES;
				GCC_WARN_ABOUT_RETURN_TYPE = YES_ERROR;
				GCC_WARN_UNDECLARED_SELECTOR = YES;
				GCC_WARN_UNINITIALIZED_AUTOS = YES_AGGRESSIVE;
				GCC_WARN_UNUSED_FUNCTION = YES;
				GCC_WARN_UNUSED_VARIABLE = YES;
				IPHONEOS_DEPLOYMENT_TARGET = 11.4;
				MTL_ENABLE_DEBUG_INFO = YES;
				ONLY_ACTIVE_ARCH = YES;
				SDKROOT = iphoneos;
				SWIFT_ACTIVE_COMPILATION_CONDITIONS = DEBUG;
				SWIFT_OPTIMIZATION_LEVEL = "-Onone";
			};
			name = Debug;
		};
		4C6DAD0B21A9165E00215D5B /* Release */ = {
			isa = XCBuildConfiguration;
			buildSettings = {
				ALWAYS_SEARCH_USER_PATHS = NO;
				CLANG_ANALYZER_NONNULL = YES;
				CLANG_ANALYZER_NUMBER_OBJECT_CONVERSION = YES_AGGRESSIVE;
				CLANG_CXX_LANGUAGE_STANDARD = "gnu++14";
				CLANG_CXX_LIBRARY = "libc++";
				CLANG_ENABLE_MODULES = YES;
				CLANG_ENABLE_OBJC_ARC = YES;
				CLANG_ENABLE_OBJC_WEAK = YES;
				CLANG_WARN_BLOCK_CAPTURE_AUTORELEASING = YES;
				CLANG_WARN_BOOL_CONVERSION = YES;
				CLANG_WARN_COMMA = YES;
				CLANG_WARN_CONSTANT_CONVERSION = YES;
				CLANG_WARN_DEPRECATED_OBJC_IMPLEMENTATIONS = YES;
				CLANG_WARN_DIRECT_OBJC_ISA_USAGE = YES_ERROR;
				CLANG_WARN_DOCUMENTATION_COMMENTS = YES;
				CLANG_WARN_EMPTY_BODY = YES;
				CLANG_WARN_ENUM_CONVERSION = YES;
				CLANG_WARN_INFINITE_RECURSION = YES;
				CLANG_WARN_INT_CONVERSION = YES;
				CLANG_WARN_NON_LITERAL_NULL_CONVERSION = YES;
				CLANG_WARN_OBJC_IMPLICIT_RETAIN_SELF = YES;
				CLANG_WARN_OBJC_LITERAL_CONVERSION = YES;
				CLANG_WARN_OBJC_ROOT_CLASS = YES_ERROR;
				CLANG_WARN_RANGE_LOOP_ANALYSIS = YES;
				CLANG_WARN_STRICT_PROTOTYPES = YES;
				CLANG_WARN_SUSPICIOUS_MOVE = YES;
				CLANG_WARN_UNGUARDED_AVAILABILITY = YES_AGGRESSIVE;
				CLANG_WARN_UNREACHABLE_CODE = YES;
				CLANG_WARN__DUPLICATE_METHOD_MATCH = YES;
				CODE_SIGN_IDENTITY = "iPhone Developer";
				COPY_PHASE_STRIP = NO;
				DEBUG_INFORMATION_FORMAT = "dwarf-with-dsym";
				ENABLE_NS_ASSERTIONS = NO;
				ENABLE_STRICT_OBJC_MSGSEND = YES;
				GCC_C_LANGUAGE_STANDARD = gnu11;
				GCC_NO_COMMON_BLOCKS = YES;
				GCC_WARN_64_TO_32_BIT_CONVERSION = YES;
				GCC_WARN_ABOUT_RETURN_TYPE = YES_ERROR;
				GCC_WARN_UNDECLARED_SELECTOR = YES;
				GCC_WARN_UNINITIALIZED_AUTOS = YES_AGGRESSIVE;
				GCC_WARN_UNUSED_FUNCTION = YES;
				GCC_WARN_UNUSED_VARIABLE = YES;
				IPHONEOS_DEPLOYMENT_TARGET = 11.4;
				MTL_ENABLE_DEBUG_INFO = NO;
				SDKROOT = iphoneos;
				SWIFT_COMPILATION_MODE = wholemodule;
				SWIFT_OPTIMIZATION_LEVEL = "-O";
				VALIDATE_PRODUCT = YES;
			};
			name = Release;
		};
		4C6DAD0D21A9165E00215D5B /* Debug */ = {
			isa = XCBuildConfiguration;
			baseConfigurationReference = 10755CA8ED1CAFCB63C6ECA8 /* Pods-ObjectMapping.debug.xcconfig */;
			buildSettings = {
				ASSETCATALOG_COMPILER_APPICON_NAME = AppIcon;
				CODE_SIGN_STYLE = Automatic;
				INFOPLIST_FILE = "$(SRCROOT)/ObjectMapping/SupportingFiles/Info.plist";
				LD_RUNPATH_SEARCH_PATHS = (
					"$(inherited)",
					"@executable_path/Frameworks",
				);
				PRODUCT_BUNDLE_IDENTIFIER = com.quventix.ObjectMapping;
				PRODUCT_NAME = "$(TARGET_NAME)";
				SWIFT_VERSION = 4.0;
				TARGETED_DEVICE_FAMILY = "1,2";
			};
			name = Debug;
		};
		4C6DAD0E21A9165E00215D5B /* Release */ = {
			isa = XCBuildConfiguration;
			baseConfigurationReference = A0A840E6AF890D41231E6A7E /* Pods-ObjectMapping.release.xcconfig */;
			buildSettings = {
				ASSETCATALOG_COMPILER_APPICON_NAME = AppIcon;
				CODE_SIGN_STYLE = Automatic;
				INFOPLIST_FILE = "$(SRCROOT)/ObjectMapping/SupportingFiles/Info.plist";
				LD_RUNPATH_SEARCH_PATHS = (
					"$(inherited)",
					"@executable_path/Frameworks",
				);
				PRODUCT_BUNDLE_IDENTIFIER = com.quventix.ObjectMapping;
				PRODUCT_NAME = "$(TARGET_NAME)";
				SWIFT_VERSION = 4.0;
				TARGETED_DEVICE_FAMILY = "1,2";
			};
			name = Release;
		};
/* End XCBuildConfiguration section */

/* Begin XCConfigurationList section */
		4C6DACF521A9165C00215D5B /* Build configuration list for PBXProject "ObjectMapping" */ = {
			isa = XCConfigurationList;
			buildConfigurations = (
				4C6DAD0A21A9165E00215D5B /* Debug */,
				4C6DAD0B21A9165E00215D5B /* Release */,
			);
			defaultConfigurationIsVisible = 0;
			defaultConfigurationName = Release;
		};
		4C6DAD0C21A9165E00215D5B /* Build configuration list for PBXNativeTarget "ObjectMapping" */ = {
			isa = XCConfigurationList;
			buildConfigurations = (
				4C6DAD0D21A9165E00215D5B /* Debug */,
				4C6DAD0E21A9165E00215D5B /* Release */,
			);
			defaultConfigurationIsVisible = 0;
			defaultConfigurationName = Release;
		};
/* End XCConfigurationList section */
	};
	rootObject = 4C6DACF221A9165C00215D5B /* Project object */;
}
